// !$*UTF8*$!
{
	archiveVersion = 1;
	classes = {
	};
	objectVersion = 56;
	objects = {

/* Begin PBXBuildFile section */
		E0CE7FEF2940801C00CD0808 /* AppDelegate.swift in Sources */ = {isa = PBXBuildFile; fileRef = E0CE7FEE2940801C00CD0808 /* AppDelegate.swift */; };
		E0CE7FF12940801C00CD0808 /* SceneDelegate.swift in Sources */ = {isa = PBXBuildFile; fileRef = E0CE7FF02940801C00CD0808 /* SceneDelegate.swift */; };
		E0CE7FF32940801C00CD0808 /* ViewController.swift in Sources */ = {isa = PBXBuildFile; fileRef = E0CE7FF22940801C00CD0808 /* ViewController.swift */; };
		E0CE7FF62940801C00CD0808 /* Main.storyboard in Resources */ = {isa = PBXBuildFile; fileRef = E0CE7FF42940801C00CD0808 /* Main.storyboard */; };
		E0CE7FF82940801C00CD0808 /* Assets.xcassets in Resources */ = {isa = PBXBuildFile; fileRef = E0CE7FF72940801C00CD0808 /* Assets.xcassets */; };
		E0CE7FFB2940801C00CD0808 /* LaunchScreen.storyboard in Resources */ = {isa = PBXBuildFile; fileRef = E0CE7FF92940801C00CD0808 /* LaunchScreen.storyboard */; };
		E0CE8020294084F800CD0808 /* MovieFeed.swift in Sources */ = {isa = PBXBuildFile; fileRef = E0CE801F294084F800CD0808 /* MovieFeed.swift */; };
		E0CE8022294085EA00CD0808 /* MovieLoader.swift in Sources */ = {isa = PBXBuildFile; fileRef = E0CE8021294085EA00CD0808 /* MovieLoader.swift */; };
		E0CE8024294086C100CD0808 /* NetworkMovieLoaderTests.swift in Sources */ = {isa = PBXBuildFile; fileRef = E0CE8023294086C100CD0808 /* NetworkMovieLoaderTests.swift */; };
		E0CE80272940881D00CD0808 /* XCTestCase+MemoryTracking.swift in Sources */ = {isa = PBXBuildFile; fileRef = E0CE80262940881D00CD0808 /* XCTestCase+MemoryTracking.swift */; };
		E0CE802C2940927C00CD0808 /* HTTPClient.swift in Sources */ = {isa = PBXBuildFile; fileRef = E0CE802B2940927C00CD0808 /* HTTPClient.swift */; };
		E0CE802F294092C100CD0808 /* NetworkMovieLoader.swift in Sources */ = {isa = PBXBuildFile; fileRef = E0CE802E294092C100CD0808 /* NetworkMovieLoader.swift */; };
		E0CE80312940936E00CD0808 /* MovieFeedItemMapper.swift in Sources */ = {isa = PBXBuildFile; fileRef = E0CE80302940936E00CD0808 /* MovieFeedItemMapper.swift */; };
/* End PBXBuildFile section */

/* Begin PBXContainerItemProxy section */
		E0CE80022940801D00CD0808 /* PBXContainerItemProxy */ = {
			isa = PBXContainerItemProxy;
			containerPortal = E0CE7FE32940801C00CD0808 /* Project object */;
			proxyType = 1;
			remoteGlobalIDString = E0CE7FEA2940801C00CD0808;
			remoteInfo = MovieList;
		};
/* End PBXContainerItemProxy section */

/* Begin PBXFileReference section */
		E0CE7FEB2940801C00CD0808 /* MovieList.app */ = {isa = PBXFileReference; explicitFileType = wrapper.application; includeInIndex = 0; path = MovieList.app; sourceTree = BUILT_PRODUCTS_DIR; };
		E0CE7FEE2940801C00CD0808 /* AppDelegate.swift */ = {isa = PBXFileReference; lastKnownFileType = sourcecode.swift; path = AppDelegate.swift; sourceTree = "<group>"; };
		E0CE7FF02940801C00CD0808 /* SceneDelegate.swift */ = {isa = PBXFileReference; lastKnownFileType = sourcecode.swift; path = SceneDelegate.swift; sourceTree = "<group>"; };
		E0CE7FF22940801C00CD0808 /* ViewController.swift */ = {isa = PBXFileReference; lastKnownFileType = sourcecode.swift; path = ViewController.swift; sourceTree = "<group>"; };
		E0CE7FF52940801C00CD0808 /* Base */ = {isa = PBXFileReference; lastKnownFileType = file.storyboard; name = Base; path = Base.lproj/Main.storyboard; sourceTree = "<group>"; };
		E0CE7FF72940801C00CD0808 /* Assets.xcassets */ = {isa = PBXFileReference; lastKnownFileType = folder.assetcatalog; path = Assets.xcassets; sourceTree = "<group>"; };
		E0CE7FFA2940801C00CD0808 /* Base */ = {isa = PBXFileReference; lastKnownFileType = file.storyboard; name = Base; path = Base.lproj/LaunchScreen.storyboard; sourceTree = "<group>"; };
		E0CE7FFC2940801C00CD0808 /* Info.plist */ = {isa = PBXFileReference; lastKnownFileType = text.plist.xml; path = Info.plist; sourceTree = "<group>"; };
		E0CE80012940801D00CD0808 /* MovieListTests.xctest */ = {isa = PBXFileReference; explicitFileType = wrapper.cfbundle; includeInIndex = 0; path = MovieListTests.xctest; sourceTree = BUILT_PRODUCTS_DIR; };
		E0CE801F294084F800CD0808 /* MovieFeed.swift */ = {isa = PBXFileReference; lastKnownFileType = sourcecode.swift; name = MovieFeed.swift; path = ../../../../../Desktop/MovieFeed.swift; sourceTree = "<group>"; };
		E0CE8021294085EA00CD0808 /* MovieLoader.swift */ = {isa = PBXFileReference; lastKnownFileType = sourcecode.swift; name = MovieLoader.swift; path = ../../../../../Desktop/MovieLoader.swift; sourceTree = "<group>"; };
		E0CE8023294086C100CD0808 /* NetworkMovieLoaderTests.swift */ = {isa = PBXFileReference; lastKnownFileType = sourcecode.swift; path = NetworkMovieLoaderTests.swift; sourceTree = "<group>"; };
		E0CE80262940881D00CD0808 /* XCTestCase+MemoryTracking.swift */ = {isa = PBXFileReference; lastKnownFileType = sourcecode.swift; path = "XCTestCase+MemoryTracking.swift"; sourceTree = "<group>"; };
		E0CE802B2940927C00CD0808 /* HTTPClient.swift */ = {isa = PBXFileReference; lastKnownFileType = sourcecode.swift; path = HTTPClient.swift; sourceTree = "<group>"; };
		E0CE802E294092C100CD0808 /* NetworkMovieLoader.swift */ = {isa = PBXFileReference; lastKnownFileType = sourcecode.swift; path = NetworkMovieLoader.swift; sourceTree = "<group>"; };
		E0CE80302940936E00CD0808 /* MovieFeedItemMapper.swift */ = {isa = PBXFileReference; lastKnownFileType = sourcecode.swift; path = MovieFeedItemMapper.swift; sourceTree = "<group>"; };
/* End PBXFileReference section */

/* Begin PBXFrameworksBuildPhase section */
		E0CE7FE82940801C00CD0808 /* Frameworks */ = {
			isa = PBXFrameworksBuildPhase;
			buildActionMask = 2147483647;
			files = (
			);
			runOnlyForDeploymentPostprocessing = 0;
		};
		E0CE7FFE2940801D00CD0808 /* Frameworks */ = {
			isa = PBXFrameworksBuildPhase;
			buildActionMask = 2147483647;
			files = (
			);
			runOnlyForDeploymentPostprocessing = 0;
		};
/* End PBXFrameworksBuildPhase section */

/* Begin PBXGroup section */
		E0CE7FE22940801C00CD0808 = {
			isa = PBXGroup;
			children = (
				E0CE7FED2940801C00CD0808 /* MovieList */,
				E0CE80042940801D00CD0808 /* MovieListTests */,
				E0CE7FEC2940801C00CD0808 /* Products */,
			);
			sourceTree = "<group>";
		};
		E0CE7FEC2940801C00CD0808 /* Products */ = {
			isa = PBXGroup;
			children = (
				E0CE7FEB2940801C00CD0808 /* MovieList.app */,
				E0CE80012940801D00CD0808 /* MovieListTests.xctest */,
			);
			name = Products;
			sourceTree = "<group>";
		};
		E0CE7FED2940801C00CD0808 /* MovieList */ = {
			isa = PBXGroup;
			children = (
				E0CE802D294092B400CD0808 /* Loader */,
				E0CE80292940926700CD0808 /* NetworkAPI */,
				E0CE801E294084DF00CD0808 /* Model */,
				E0CE7FEE2940801C00CD0808 /* AppDelegate.swift */,
				E0CE7FF02940801C00CD0808 /* SceneDelegate.swift */,
				E0CE7FF22940801C00CD0808 /* ViewController.swift */,
				E0CE7FF42940801C00CD0808 /* Main.storyboard */,
				E0CE7FF72940801C00CD0808 /* Assets.xcassets */,
				E0CE7FF92940801C00CD0808 /* LaunchScreen.storyboard */,
				E0CE7FFC2940801C00CD0808 /* Info.plist */,
			);
			path = MovieList;
			sourceTree = "<group>";
		};
		E0CE80042940801D00CD0808 /* MovieListTests */ = {
			isa = PBXGroup;
			children = (
				E0CE80252940880700CD0808 /* Helpers */,
				E0CE8023294086C100CD0808 /* NetworkMovieLoaderTests.swift */,
			);
			path = MovieListTests;
			sourceTree = "<group>";
		};
		E0CE801E294084DF00CD0808 /* Model */ = {
			isa = PBXGroup;
			children = (
				E0CE801F294084F800CD0808 /* MovieFeed.swift */,
				E0CE8021294085EA00CD0808 /* MovieLoader.swift */,
			);
			path = Model;
			sourceTree = "<group>";
		};
		E0CE80252940880700CD0808 /* Helpers */ = {
			isa = PBXGroup;
			children = (
				E0CE80262940881D00CD0808 /* XCTestCase+MemoryTracking.swift */,
			);
			path = Helpers;
			sourceTree = "<group>";
		};
		E0CE80292940926700CD0808 /* NetworkAPI */ = {
			isa = PBXGroup;
			children = (
				E0CE802B2940927C00CD0808 /* HTTPClient.swift */,
			);
			path = NetworkAPI;
			sourceTree = "<group>";
		};
		E0CE802D294092B400CD0808 /* Loader */ = {
			isa = PBXGroup;
			children = (
				E0CE802E294092C100CD0808 /* NetworkMovieLoader.swift */,
				E0CE80302940936E00CD0808 /* MovieFeedItemMapper.swift */,
			);
			path = Loader;
			sourceTree = "<group>";
		};
/* End PBXGroup section */

/* Begin PBXNativeTarget section */
		E0CE7FEA2940801C00CD0808 /* MovieList */ = {
			isa = PBXNativeTarget;
			buildConfigurationList = E0CE80152940801D00CD0808 /* Build configuration list for PBXNativeTarget "MovieList" */;
			buildPhases = (
				E0CE7FE72940801C00CD0808 /* Sources */,
				E0CE7FE82940801C00CD0808 /* Frameworks */,
				E0CE7FE92940801C00CD0808 /* Resources */,
			);
			buildRules = (
			);
			dependencies = (
			);
			name = MovieList;
			productName = MovieList;
			productReference = E0CE7FEB2940801C00CD0808 /* MovieList.app */;
			productType = "com.apple.product-type.application";
		};
		E0CE80002940801D00CD0808 /* MovieListTests */ = {
			isa = PBXNativeTarget;
			buildConfigurationList = E0CE80182940801D00CD0808 /* Build configuration list for PBXNativeTarget "MovieListTests" */;
			buildPhases = (
				E0CE7FFD2940801D00CD0808 /* Sources */,
				E0CE7FFE2940801D00CD0808 /* Frameworks */,
				E0CE7FFF2940801D00CD0808 /* Resources */,
			);
			buildRules = (
			);
			dependencies = (
				E0CE80032940801D00CD0808 /* PBXTargetDependency */,
			);
			name = MovieListTests;
			productName = MovieListTests;
			productReference = E0CE80012940801D00CD0808 /* MovieListTests.xctest */;
			productType = "com.apple.product-type.bundle.unit-test";
		};
/* End PBXNativeTarget section */

/* Begin PBXProject section */
		E0CE7FE32940801C00CD0808 /* Project object */ = {
			isa = PBXProject;
			attributes = {
				BuildIndependentTargetsInParallel = 1;
				LastSwiftUpdateCheck = 1410;
				LastUpgradeCheck = 1410;
				TargetAttributes = {
					E0CE7FEA2940801C00CD0808 = {
						CreatedOnToolsVersion = 14.1;
					};
					E0CE80002940801D00CD0808 = {
						CreatedOnToolsVersion = 14.1;
						TestTargetID = E0CE7FEA2940801C00CD0808;
					};
				};
			};
			buildConfigurationList = E0CE7FE62940801C00CD0808 /* Build configuration list for PBXProject "MovieList" */;
			compatibilityVersion = "Xcode 14.0";
			developmentRegion = en;
			hasScannedForEncodings = 0;
			knownRegions = (
				en,
				Base,
			);
			mainGroup = E0CE7FE22940801C00CD0808;
			productRefGroup = E0CE7FEC2940801C00CD0808 /* Products */;
			projectDirPath = "";
			projectRoot = "";
			targets = (
				E0CE7FEA2940801C00CD0808 /* MovieList */,
				E0CE80002940801D00CD0808 /* MovieListTests */,
			);
		};
/* End PBXProject section */

/* Begin PBXResourcesBuildPhase section */
		E0CE7FE92940801C00CD0808 /* Resources */ = {
			isa = PBXResourcesBuildPhase;
			buildActionMask = 2147483647;
			files = (
				E0CE7FFB2940801C00CD0808 /* LaunchScreen.storyboard in Resources */,
				E0CE7FF82940801C00CD0808 /* Assets.xcassets in Resources */,
				E0CE7FF62940801C00CD0808 /* Main.storyboard in Resources */,
			);
			runOnlyForDeploymentPostprocessing = 0;
		};
		E0CE7FFF2940801D00CD0808 /* Resources */ = {
			isa = PBXResourcesBuildPhase;
			buildActionMask = 2147483647;
			files = (
			);
			runOnlyForDeploymentPostprocessing = 0;
		};
/* End PBXResourcesBuildPhase section */

/* Begin PBXSourcesBuildPhase section */
		E0CE7FE72940801C00CD0808 /* Sources */ = {
			isa = PBXSourcesBuildPhase;
			buildActionMask = 2147483647;
			files = (
				E0CE8022294085EA00CD0808 /* MovieLoader.swift in Sources */,
				E0CE80312940936E00CD0808 /* MovieFeedItemMapper.swift in Sources */,
				E0CE7FF32940801C00CD0808 /* ViewController.swift in Sources */,
				E0CE802F294092C100CD0808 /* NetworkMovieLoader.swift in Sources */,
				E0CE802C2940927C00CD0808 /* HTTPClient.swift in Sources */,
				E0CE7FEF2940801C00CD0808 /* AppDelegate.swift in Sources */,
				E0CE8020294084F800CD0808 /* MovieFeed.swift in Sources */,
				E0CE7FF12940801C00CD0808 /* SceneDelegate.swift in Sources */,
			);
			runOnlyForDeploymentPostprocessing = 0;
		};
		E0CE7FFD2940801D00CD0808 /* Sources */ = {
			isa = PBXSourcesBuildPhase;
			buildActionMask = 2147483647;
			files = (
				E0CE80272940881D00CD0808 /* XCTestCase+MemoryTracking.swift in Sources */,
				E0CE8024294086C100CD0808 /* NetworkMovieLoaderTests.swift in Sources */,
			);
			runOnlyForDeploymentPostprocessing = 0;
		};
/* End PBXSourcesBuildPhase section */

/* Begin PBXTargetDependency section */
		E0CE80032940801D00CD0808 /* PBXTargetDependency */ = {
			isa = PBXTargetDependency;
			target = E0CE7FEA2940801C00CD0808 /* MovieList */;
			targetProxy = E0CE80022940801D00CD0808 /* PBXContainerItemProxy */;
		};
/* End PBXTargetDependency section */

/* Begin PBXVariantGroup section */
		E0CE7FF42940801C00CD0808 /* Main.storyboard */ = {
			isa = PBXVariantGroup;
			children = (
				E0CE7FF52940801C00CD0808 /* Base */,
			);
			name = Main.storyboard;
			sourceTree = "<group>";
		};
		E0CE7FF92940801C00CD0808 /* LaunchScreen.storyboard */ = {
			isa = PBXVariantGroup;
			children = (
				E0CE7FFA2940801C00CD0808 /* Base */,
			);
			name = LaunchScreen.storyboard;
			sourceTree = "<group>";
		};
/* End PBXVariantGroup section */

/* Begin XCBuildConfiguration section */
		E0CE80132940801D00CD0808 /* Debug */ = {
			isa = XCBuildConfiguration;
			buildSettings = {
				ALWAYS_SEARCH_USER_PATHS = NO;
				CLANG_ANALYZER_NONNULL = YES;
				CLANG_ANALYZER_NUMBER_OBJECT_CONVERSION = YES_AGGRESSIVE;
				CLANG_CXX_LANGUAGE_STANDARD = "gnu++20";
				CLANG_ENABLE_MODULES = YES;
				CLANG_ENABLE_OBJC_ARC = YES;
				CLANG_ENABLE_OBJC_WEAK = YES;
				CLANG_WARN_BLOCK_CAPTURE_AUTORELEASING = YES;
				CLANG_WARN_BOOL_CONVERSION = YES;
				CLANG_WARN_COMMA = YES;
				CLANG_WARN_CONSTANT_CONVERSION = YES;
				CLANG_WARN_DEPRECATED_OBJC_IMPLEMENTATIONS = YES;
				CLANG_WARN_DIRECT_OBJC_ISA_USAGE = YES_ERROR;
				CLANG_WARN_DOCUMENTATION_COMMENTS = YES;
				CLANG_WARN_EMPTY_BODY = YES;
				CLANG_WARN_ENUM_CONVERSION = YES;
				CLANG_WARN_INFINITE_RECURSION = YES;
				CLANG_WARN_INT_CONVERSION = YES;
				CLANG_WARN_NON_LITERAL_NULL_CONVERSION = YES;
				CLANG_WARN_OBJC_IMPLICIT_RETAIN_SELF = YES;
				CLANG_WARN_OBJC_LITERAL_CONVERSION = YES;
				CLANG_WARN_OBJC_ROOT_CLASS = YES_ERROR;
				CLANG_WARN_QUOTED_INCLUDE_IN_FRAMEWORK_HEADER = YES;
				CLANG_WARN_RANGE_LOOP_ANALYSIS = YES;
				CLANG_WARN_STRICT_PROTOTYPES = YES;
				CLANG_WARN_SUSPICIOUS_MOVE = YES;
				CLANG_WARN_UNGUARDED_AVAILABILITY = YES_AGGRESSIVE;
				CLANG_WARN_UNREACHABLE_CODE = YES;
				CLANG_WARN__DUPLICATE_METHOD_MATCH = YES;
				COPY_PHASE_STRIP = NO;
				DEBUG_INFORMATION_FORMAT = dwarf;
				ENABLE_STRICT_OBJC_MSGSEND = YES;
				ENABLE_TESTABILITY = YES;
				GCC_C_LANGUAGE_STANDARD = gnu11;
				GCC_DYNAMIC_NO_PIC = NO;
				GCC_NO_COMMON_BLOCKS = YES;
				GCC_OPTIMIZATION_LEVEL = 0;
				GCC_PREPROCESSOR_DEFINITIONS = (
					"DEBUG=1",
					"$(inherited)",
				);
				GCC_WARN_64_TO_32_BIT_CONVERSION = YES;
				GCC_WARN_ABOUT_RETURN_TYPE = YES_ERROR;
				GCC_WARN_UNDECLARED_SELECTOR = YES;
				GCC_WARN_UNINITIALIZED_AUTOS = YES_AGGRESSIVE;
				GCC_WARN_UNUSED_FUNCTION = YES;
				GCC_WARN_UNUSED_VARIABLE = YES;
				IPHONEOS_DEPLOYMENT_TARGET = 16.1;
				MTL_ENABLE_DEBUG_INFO = INCLUDE_SOURCE;
				MTL_FAST_MATH = YES;
				ONLY_ACTIVE_ARCH = YES;
				SDKROOT = iphoneos;
				SWIFT_ACTIVE_COMPILATION_CONDITIONS = DEBUG;
				SWIFT_OPTIMIZATION_LEVEL = "-Onone";
			};
			name = Debug;
		};
		E0CE80142940801D00CD0808 /* Release */ = {
			isa = XCBuildConfiguration;
			buildSettings = {
				ALWAYS_SEARCH_USER_PATHS = NO;
				CLANG_ANALYZER_NONNULL = YES;
				CLANG_ANALYZER_NUMBER_OBJECT_CONVERSION = YES_AGGRESSIVE;
				CLANG_CXX_LANGUAGE_STANDARD = "gnu++20";
				CLANG_ENABLE_MODULES = YES;
				CLANG_ENABLE_OBJC_ARC = YES;
				CLANG_ENABLE_OBJC_WEAK = YES;
				CLANG_WARN_BLOCK_CAPTURE_AUTORELEASING = YES;
				CLANG_WARN_BOOL_CONVERSION = YES;
				CLANG_WARN_COMMA = YES;
				CLANG_WARN_CONSTANT_CONVERSION = YES;
				CLANG_WARN_DEPRECATED_OBJC_IMPLEMENTATIONS = YES;
				CLANG_WARN_DIRECT_OBJC_ISA_USAGE = YES_ERROR;
				CLANG_WARN_DOCUMENTATION_COMMENTS = YES;
				CLANG_WARN_EMPTY_BODY = YES;
				CLANG_WARN_ENUM_CONVERSION = YES;
				CLANG_WARN_INFINITE_RECURSION = YES;
				CLANG_WARN_INT_CONVERSION = YES;
				CLANG_WARN_NON_LITERAL_NULL_CONVERSION = YES;
				CLANG_WARN_OBJC_IMPLICIT_RETAIN_SELF = YES;
				CLANG_WARN_OBJC_LITERAL_CONVERSION = YES;
				CLANG_WARN_OBJC_ROOT_CLASS = YES_ERROR;
				CLANG_WARN_QUOTED_INCLUDE_IN_FRAMEWORK_HEADER = YES;
				CLANG_WARN_RANGE_LOOP_ANALYSIS = YES;
				CLANG_WARN_STRICT_PROTOTYPES = YES;
				CLANG_WARN_SUSPICIOUS_MOVE = YES;
				CLANG_WARN_UNGUARDED_AVAILABILITY = YES_AGGRESSIVE;
				CLANG_WARN_UNREACHABLE_CODE = YES;
				CLANG_WARN__DUPLICATE_METHOD_MATCH = YES;
				COPY_PHASE_STRIP = NO;
				DEBUG_INFORMATION_FORMAT = "dwarf-with-dsym";
				ENABLE_NS_ASSERTIONS = NO;
				ENABLE_STRICT_OBJC_MSGSEND = YES;
				GCC_C_LANGUAGE_STANDARD = gnu11;
				GCC_NO_COMMON_BLOCKS = YES;
				GCC_WARN_64_TO_32_BIT_CONVERSION = YES;
				GCC_WARN_ABOUT_RETURN_TYPE = YES_ERROR;
				GCC_WARN_UNDECLARED_SELECTOR = YES;
				GCC_WARN_UNINITIALIZED_AUTOS = YES_AGGRESSIVE;
				GCC_WARN_UNUSED_FUNCTION = YES;
				GCC_WARN_UNUSED_VARIABLE = YES;
				IPHONEOS_DEPLOYMENT_TARGET = 16.1;
				MTL_ENABLE_DEBUG_INFO = NO;
				MTL_FAST_MATH = YES;
				SDKROOT = iphoneos;
				SWIFT_COMPILATION_MODE = wholemodule;
				SWIFT_OPTIMIZATION_LEVEL = "-O";
				VALIDATE_PRODUCT = YES;
			};
			name = Release;
		};
		E0CE80162940801D00CD0808 /* Debug */ = {
			isa = XCBuildConfiguration;
			buildSettings = {
				ASSETCATALOG_COMPILER_APPICON_NAME = AppIcon;
				ASSETCATALOG_COMPILER_GLOBAL_ACCENT_COLOR_NAME = AccentColor;
				CODE_SIGN_STYLE = Automatic;
				CURRENT_PROJECT_VERSION = 1;
				DEVELOPMENT_TEAM = 6D7X34XDMX;
				GENERATE_INFOPLIST_FILE = YES;
				INFOPLIST_FILE = MovieList/Info.plist;
				INFOPLIST_KEY_UIApplicationSupportsIndirectInputEvents = YES;
				INFOPLIST_KEY_UILaunchStoryboardName = LaunchScreen;
				INFOPLIST_KEY_UIMainStoryboardFile = Main;
				INFOPLIST_KEY_UISupportedInterfaceOrientations_iPad = "UIInterfaceOrientationPortrait UIInterfaceOrientationPortraitUpsideDown UIInterfaceOrientationLandscapeLeft UIInterfaceOrientationLandscapeRight";
				INFOPLIST_KEY_UISupportedInterfaceOrientations_iPhone = "UIInterfaceOrientationPortrait UIInterfaceOrientationLandscapeLeft UIInterfaceOrientationLandscapeRight";
				LD_RUNPATH_SEARCH_PATHS = (
					"$(inherited)",
					"@executable_path/Frameworks",
				);
				MARKETING_VERSION = 1.0;
				PRODUCT_BUNDLE_IDENTIFIER = com.viral7chauhan.MovieList;
				PRODUCT_NAME = "$(TARGET_NAME)";
				SWIFT_EMIT_LOC_STRINGS = YES;
				SWIFT_VERSION = 5.0;
				TARGETED_DEVICE_FAMILY = "1,2";
			};
			name = Debug;
		};
		E0CE80172940801D00CD0808 /* Release */ = {
			isa = XCBuildConfiguration;
			buildSettings = {
				ASSETCATALOG_COMPILER_APPICON_NAME = AppIcon;
				ASSETCATALOG_COMPILER_GLOBAL_ACCENT_COLOR_NAME = AccentColor;
				CODE_SIGN_STYLE = Automatic;
				CURRENT_PROJECT_VERSION = 1;
				DEVELOPMENT_TEAM = 6D7X34XDMX;
				GENERATE_INFOPLIST_FILE = YES;
				INFOPLIST_FILE = MovieList/Info.plist;
				INFOPLIST_KEY_UIApplicationSupportsIndirectInputEvents = YES;
				INFOPLIST_KEY_UILaunchStoryboardName = LaunchScreen;
				INFOPLIST_KEY_UIMainStoryboardFile = Main;
				INFOPLIST_KEY_UISupportedInterfaceOrientations_iPad = "UIInterfaceOrientationPortrait UIInterfaceOrientationPortraitUpsideDown UIInterfaceOrientationLandscapeLeft UIInterfaceOrientationLandscapeRight";
				INFOPLIST_KEY_UISupportedInterfaceOrientations_iPhone = "UIInterfaceOrientationPortrait UIInterfaceOrientationLandscapeLeft UIInterfaceOrientationLandscapeRight";
				LD_RUNPATH_SEARCH_PATHS = (
					"$(inherited)",
					"@executable_path/Frameworks",
				);
				MARKETING_VERSION = 1.0;
				PRODUCT_BUNDLE_IDENTIFIER = com.viral7chauhan.MovieList;
				PRODUCT_NAME = "$(TARGET_NAME)";
				SWIFT_EMIT_LOC_STRINGS = YES;
				SWIFT_VERSION = 5.0;
				TARGETED_DEVICE_FAMILY = "1,2";
			};
			name = Release;
		};
		E0CE80192940801D00CD0808 /* Debug */ = {
			isa = XCBuildConfiguration;
			buildSettings = {
				ALWAYS_EMBED_SWIFT_STANDARD_LIBRARIES = YES;
				BUNDLE_LOADER = "$(TEST_HOST)";
				CODE_SIGN_STYLE = Automatic;
				CURRENT_PROJECT_VERSION = 1;
				DEVELOPMENT_TEAM = 6D7X34XDMX;
				GENERATE_INFOPLIST_FILE = YES;
				IPHONEOS_DEPLOYMENT_TARGET = 16.1;
				MARKETING_VERSION = 1.0;
				PRODUCT_BUNDLE_IDENTIFIER = com.viral7chauhan.MovieListTests;
				PRODUCT_NAME = "$(TARGET_NAME)";
				SWIFT_EMIT_LOC_STRINGS = NO;
				SWIFT_VERSION = 5.0;
				TARGETED_DEVICE_FAMILY = "1,2";
				TEST_HOST = "$(BUILT_PRODUCTS_DIR)/MovieList.app/$(BUNDLE_EXECUTABLE_FOLDER_PATH)/MovieList";
			};
			name = Debug;
		};
		E0CE801A2940801D00CD0808 /* Release */ = {
			isa = XCBuildConfiguration;
			buildSettings = {
				ALWAYS_EMBED_SWIFT_STANDARD_LIBRARIES = YES;
				BUNDLE_LOADER = "$(TEST_HOST)";
				CODE_SIGN_STYLE = Automatic;
				CURRENT_PROJECT_VERSION = 1;
				DEVELOPMENT_TEAM = 6D7X34XDMX;
				GENERATE_INFOPLIST_FILE = YES;
				IPHONEOS_DEPLOYMENT_TARGET = 16.1;
				MARKETING_VERSION = 1.0;
				PRODUCT_BUNDLE_IDENTIFIER = com.viral7chauhan.MovieListTests;
				PRODUCT_NAME = "$(TARGET_NAME)";
				SWIFT_EMIT_LOC_STRINGS = NO;
				SWIFT_VERSION = 5.0;
				TARGETED_DEVICE_FAMILY = "1,2";
				TEST_HOST = "$(BUILT_PRODUCTS_DIR)/MovieList.app/$(BUNDLE_EXECUTABLE_FOLDER_PATH)/MovieList";
			};
			name = Release;
		};
/* End XCBuildConfiguration section */

/* Begin XCConfigurationList section */
		E0CE7FE62940801C00CD0808 /* Build configuration list for PBXProject "MovieList" */ = {
			isa = XCConfigurationList;
			buildConfigurations = (
				E0CE80132940801D00CD0808 /* Debug */,
				E0CE80142940801D00CD0808 /* Release */,
			);
			defaultConfigurationIsVisible = 0;
			defaultConfigurationName = Release;
		};
		E0CE80152940801D00CD0808 /* Build configuration list for PBXNativeTarget "MovieList" */ = {
			isa = XCConfigurationList;
			buildConfigurations = (
				E0CE80162940801D00CD0808 /* Debug */,
				E0CE80172940801D00CD0808 /* Release */,
			);
			defaultConfigurationIsVisible = 0;
			defaultConfigurationName = Release;
		};
		E0CE80182940801D00CD0808 /* Build configuration list for PBXNativeTarget "MovieListTests" */ = {
			isa = XCConfigurationList;
			buildConfigurations = (
				E0CE80192940801D00CD0808 /* Debug */,
				E0CE801A2940801D00CD0808 /* Release */,
			);
			defaultConfigurationIsVisible = 0;
			defaultConfigurationName = Release;
		};
/* End XCConfigurationList section */
	};
	rootObject = E0CE7FE32940801C00CD0808 /* Project object */;
}
